
Microsoft Visual Studio Solution File, Format Version 12.00
# Visual Studio Version 16
VisualStudioVersion = 16.0.30413.136
MinimumVisualStudioVersion = 10.0.40219.1
Project("{FAE04EC0-301F-11D3-BF4B-00C04F79EFBC}") = "DapperForApi", "DapperForApi\DapperForApi.csproj", "{0BA18FEA-5BF5-42BB-A785-9113640600D0}"
EndProject
Global
	GlobalSection(SolutionConfigurationPlatforms) = preSolution
		Debug|Any CPU = Debug|Any CPU
		Release|Any CPU = Release|Any CPU
	EndGlobalSection
	GlobalSection(ProjectConfigurationPlatforms) = postSolution
		{0BA18FEA-5BF5-42BB-A785-9113640600D0}.Debug|Any CPU.ActiveCfg = Debug|Any CPU
		{0BA18FEA-5BF5-42BB-A785-9113640600D0}.Debug|Any CPU.Build.0 = Debug|Any CPU
		{0BA18FEA-5BF5-42BB-A785-9113640600D0}.Release|Any CPU.ActiveCfg = Release|Any CPU
		{0BA18FEA-5BF5-42BB-A785-9113640600D0}.Release|Any CPU.Build.0 = Release|Any CPU
	EndGlobalSection
	GlobalSection(SolutionProperties) = preSolution
		HideSolutionNode = FALSE
	EndGlobalSection
	GlobalSection(ExtensibilityGlobals) = postSolution
		SolutionGuid = {9C88E31D-DEEE-43EF-BF0F-BEF9B302F85A}
	EndGlobalSection
EndGlobal
